
Microsoft Visual Studio Solution File, Format Version 12.00
# Visual Studio Version 17
VisualStudioVersion = 17.3.32825.248
MinimumVisualStudioVersion = 10.0.40219.1
Project("{9A19103F-16F7-4668-BE54-9A1E7A4F7556}") = "StudyN", "StudyN\StudyN.csproj", "{D94E6C50-8182-4433-86F0-420B8E415E1B}"
EndProject
Global
	GlobalSection(SolutionConfigurationPlatforms) = preSolution
		Debug|Any CPU = Debug|Any CPU
		Release|Any CPU = Release|Any CPU
	EndGlobalSection
	GlobalSection(ProjectConfigurationPlatforms) = postSolution
		{D94E6C50-8182-4433-86F0-420B8E415E1B}.Debug|Any CPU.ActiveCfg = Debug|Any CPU
		{D94E6C50-8182-4433-86F0-420B8E415E1B}.Debug|Any CPU.Build.0 = Debug|Any CPU
		{D94E6C50-8182-4433-86F0-420B8E415E1B}.Debug|Any CPU.Deploy.0 = Debug|Any CPU
		{D94E6C50-8182-4433-86F0-420B8E415E1B}.Release|Any CPU.ActiveCfg = Release|Any CPU
		{D94E6C50-8182-4433-86F0-420B8E415E1B}.Release|Any CPU.Build.0 = Release|Any CPU
		{D94E6C50-8182-4433-86F0-420B8E415E1B}.Release|Any CPU.Deploy.0 = Release|Any CPU
	EndGlobalSection
	GlobalSection(SolutionProperties) = preSolution
		HideSolutionNode = FALSE
	EndGlobalSection
	GlobalSection(ExtensibilityGlobals) = postSolution
		SolutionGuid = {1FE7E765-EC3C-4D54-919D-E113D507B366}
	EndGlobalSection
EndGlobal
